id: arcane-lock
name: Волшебный замок
name_en: Arcane lock
source_url: https://dnd.su/spells/29-arcane-lock/
sources:
  - code: PH14
    book: Player's Handbook
url_2024: https://next.dnd.su/spells/10429-arcane-lock
level: 2
school: ограждение
ritual: false
casting_time: 1 действие
range: Касание
components: В, С, М
material: золотая пыль, стоящая как минимум 25 зм, расходуемая заклинанием
duration: Пока не рассеяно
concentration: false
classes:
  - волшебник
  - изобретатель
description: |-
  Вы касаетесь закрытой двери, окна, ворот, сундука или другого входа, и он становится запертым. Вы и указанные при накладывании этого заклинания существа можете открывать предмет как обычно. Вы можете также установить пароль, произношение которого в пределах 5 футов от предмета подавляет заклинание на 1 минуту. В противном случае предмет не открывается, пока его не сломают, или пока заклинание не рассеют или не подавят. Накладывание заклинания открывание [knock] на предмет подавляет *волшебный замок* на 10 минут.

  Находящийся под действием этого заклинания предмет гораздо сложнее взломать и открыть силой. Сл выламывания и взлома замков увеличивается на 10.
